
Microsoft Visual Studio Solution File, Format Version 12.00
# Visual Studio Version 17
VisualStudioVersion = 17.9.34616.47
MinimumVisualStudioVersion = 10.0.40219.1
Project("{8BC9CEB8-8B4A-11D0-8D11-00A0C91BC942}") = "sfml project", "sfml project\sfml project.vcxproj", "{DC36BCC0-AC99-4CF2-8AF3-798044E32EFC}"
EndProject
Global
	GlobalSection(SolutionConfigurationPlatforms) = preSolution
		Debug|x64 = Debug|x64
		Debug|x86 = Debug|x86
		Release|x64 = Release|x64
		Release|x86 = Release|x86
	EndGlobalSection
	GlobalSection(ProjectConfigurationPlatforms) = postSolution
		{DC36BCC0-AC99-4CF2-8AF3-798044E32EFC}.Debug|x64.ActiveCfg = Debug|x64
		{DC36BCC0-AC99-4CF2-8AF3-798044E32EFC}.Debug|x64.Build.0 = Debug|x64
		{DC36BCC0-AC99-4CF2-8AF3-798044E32EFC}.Debug|x86.ActiveCfg = Debug|Win32
		{DC36BCC0-AC99-4CF2-8AF3-798044E32EFC}.Debug|x86.Build.0 = Debug|Win32
		{DC36BCC0-AC99-4CF2-8AF3-798044E32EFC}.Release|x64.ActiveCfg = Release|x64
		{DC36BCC0-AC99-4CF2-8AF3-798044E32EFC}.Release|x64.Build.0 = Release|x64
		{DC36BCC0-AC99-4CF2-8AF3-798044E32EFC}.Release|x86.ActiveCfg = Release|Win32
		{DC36BCC0-AC99-4CF2-8AF3-798044E32EFC}.Release|x86.Build.0 = Release|Win32
	EndGlobalSection
	GlobalSection(SolutionProperties) = preSolution
		HideSolutionNode = FALSE
	EndGlobalSection
	GlobalSection(ExtensibilityGlobals) = postSolution
		SolutionGuid = {3D07670F-D146-408E-B8B9-55A3F3DC370F}
	EndGlobalSection
EndGlobal
